lockfileVersion: '9.0'

settings:
  autoInstallPeers: true
  excludeLinksFromLockfile: false

importers:

  .:
    dependencies:
      react:
        specifier: ^19.2.8
        version: 19.2.8
      react-dom:
        specifier: ^19.2.8
        version: 19.2.8(react@19.2.8)
    devDependencies:
      '@rsbuild/core':
        specifier: ^1.0.0
        version: 1.7.6
      '@rsbuild/plugin-react':
        specifier: ^1.0.0
        version: 1.4.6(@rsbuild/core@1.7.6)
      '@types/node':
        specifier: ^24.13.3
        version: 24.13.3
      '@types/react':
        specifier: ^19.2.17
        version: 19.2.18
      '@types/react-dom':
        specifier: ^19.2.3
        version: 19.2.4(@types/react@19.2.18)
      oxlint:
        specifier: ^1.75.0
        version: 1.78.0
      typescript:
        specifier: ~6.0.2
        version: 6.0.3

packages:

  '@emnapi/core@1.11.3':
    resolution: {integrity: sha512-zLpS5asjEb7lq8jYLq37N6XKaE41DIexlY1rF/z4/tIl3wo13Sqm28fRyfIsKZD+NZ8mM5RoKkpW/rBcuoSZSg==}

  '@emnapi/runtime@1.11.3':
    resolution: {integrity: sha512-Xz4Tpyki7XyrpbUK1jR1AhdAdaXyhhY4lZ3neLodmhpuWfy2PAQN5B46sAiU4liOXGLkHypn/qU+jvfWSCYYLA==}

  '@emnapi/wasi-threads@1.2.3':
    resolution: {integrity: sha512-ELEBe8PsLvvJ6QMr0zLt8ffvOHW/dc1m3CEzNMg7aJUv3bMaoDtw2TXyDAwkYBuroxxuHEwhRTLJSe5sya547g==}

  '@module-federation/error-codes@0.22.0':
    resolution: {integrity: sha512-xF9SjnEy7vTdx+xekjPCV5cIHOGCkdn3pIxo9vU7gEZMIw0SvAEdsy6Uh17xaCpm8V0FWvR0SZoK9Ik6jGOaug==}

  '@module-federation/runtime-core@0.22.0':
    resolution: {integrity: sha512-GR1TcD6/s7zqItfhC87zAp30PqzvceoeDGYTgF3Vx2TXvsfDrhP6Qw9T4vudDQL3uJRne6t7CzdT29YyVxlgIA==}

  '@module-federation/runtime-tools@0.22.0':
    resolution: {integrity: sha512-4ScUJ/aUfEernb+4PbLdhM/c60VHl698Gn1gY21m9vyC1Ucn69fPCA1y2EwcCB7IItseRMoNhdcWQnzt/OPCNA==}

  '@module-federation/runtime@0.22.0':
    resolution: {integrity: sha512-38g5iPju2tPC3KHMPxRKmy4k4onNp6ypFPS1eKGsNLUkXgHsPMBFqAjDw96iEcjri91BrahG4XcdyKi97xZzlA==}

  '@module-federation/sdk@0.22.0':
    resolution: {integrity: sha512-x4aFNBKn2KVQRuNVC5A7SnrSCSqyfIWmm1DvubjbO9iKFe7ith5niw8dqSFBekYBg2Fwy+eMg4sEFNVvCAdo6g==}

  '@module-federation/webpack-bundler-runtime@0.22.0':
    resolution: {integrity: sha512-aM8gCqXu+/4wBmJtVeMeeMN5guw3chf+2i6HajKtQv7SJfxV/f4IyNQJUeUQu9HfiAZHjqtMV5Lvq/Lvh8LdyA==}

  '@napi-rs/wasm-runtime@1.0.7':
    resolution: {integrity: sha512-SeDnOO0Tk7Okiq6DbXmmBODgOAb9dp9gjlphokTUxmt8U3liIP1ZsozBahH69j/RJv+Rfs6IwUKHTgQYJ/HBAw==}

  '@oxlint/binding-android-arm-eabi@1.78.0':
    resolution: {integrity: sha512-Bu819lmAfZMUHErrpe0cEWj3iaefuUODHSU8+UbXy67V/r7/7f4K3FL0NmbD85E+wiFLDYuhP8Zlv0XnVeXshw==}
    engines: {node: ^20.19.0 || >=22.12.0}
    cpu: [arm]
    os: [android]

  '@oxlint/binding-android-arm64@1.78.0':
    resolution: {integrity: sha512-CDfxZgB61B7buRdY2FJoAYYPPXCZ1EoC1LKscnC5dg3kjobdxiconvAvvN1BmHyW4PyFT3jRLDag/BY/roSNBQ==}
    engines: {node: ^20.19.0 || >=22.12.0}
    cpu: [arm64]
    os: [android]

  '@oxlint/binding-darwin-arm64@1.78.0':
    resolution: {integrity: sha512-2Y2U9Ahrz+OO0Ej88f9SJYq51/jUBp1Mc7iZu0ukrbeeZ3gpRGfzIFnoqfHDY96xr0GEfNrPUBFEy0nN5aD7HA==}
    engines: {node: ^20.19.0 || >=22.12.0}
    cpu: [arm64]
    os: [darwin]

  '@oxlint/binding-darwin-x64@1.78.0':
    resolution: {integrity: sha512-rpych6eJq6m9jDRypTEaPD1xysaEW5h9+xuxhGK/QhOg+/xaqPZrCrTNoIl/f3nEjuJeCEmstNDlrE9rJi/3/g==}
    engines: {node: ^20.19.0 || >=22.12.0}
    cpu: [x64]
    os: [darwin]

  '@oxlint/binding-freebsd-x64@1.78.0':
    resolution: {integrity: sha512-IcMGrQT3QizkOESUJd5et+rOhVqSkNDfNik1cvrKDqIbzqx9KMtRswpFgkCuNTSwylCFLKhGUu8KmqY1ZnC0Dg==}
    engines: {node: ^20.19.0 || >=22.12.0}
    cpu: [x64]
    os: [freebsd]

  '@oxlint/binding-linux-arm-gnueabihf@1.78.0':
    resolution: {integrity: sha512-/uLdoJ0IXE6vo/0f0LKjinQAp+re+VMaCWaNT8ENIv2EOCkSsc8SGaflXAuW0Jua2dq5+GLVWm1NQK7P3UFSNQ==}
    engines: {node: ^20.19.0 || >=22.12.0}
    cpu: [arm]
    os: [linux]

  '@oxlint/binding-linux-arm-musleabihf@1.78.0':
    resolution: {integrity: sha512-7xi4Wb/O8NRJhLoUXmDJMUVpNYvB5kefdhFU1Jb8rtae4QoXlTiLwI14X4YvAXVZLNZChP8m5qO9SQAlWQTbkQ==}
    engines: {node: ^20.19.0 || >=22.12.0}
    cpu: [arm]
    os: [linux]

  '@oxlint/binding-linux-arm64-gnu@1.78.0':
    resolution: {integrity: sha512-4hFW0+fVXa3OIh1Y4A5SPkmvI4wuuBSrCVKzOyE7PTjhc7yEqZ1pmvEEeS5Lj/MaqvegFxXyF33N+6jkehxdyg==}
    engines: {node: ^20.19.0 || >=22.12.0}
    cpu: [arm64]
    os: [linux]

  '@oxlint/binding-linux-arm64-musl@1.78.0':
    resolution: {integrity: sha512-oC0mvsgBJjlMijSDEhx9KuvR9zYeHXceA9MjbuXB1F8NSR78Yj2unOBrstEvTVaq+pko+kuue6DajC00eqvTdg==}
    engines: {node: ^20.19.0 || >=22.12.0}
    cpu: [arm64]
    os: [linux]

  '@oxlint/binding-linux-ppc64-gnu@1.78.0':
    resolution: {integrity: sha512-XAllT5SUZS+ohjuZ3/5S0cwe0r7eboiuigeStCZ5DXRYx/2KVM2UvQXvAfyzXEimtQjAB7cDQ2YxDe2Zl2WNQQ==}
    engines: {node: ^20.19.0 || >=22.12.0}
    cpu: [ppc64]
    os: [linux]

  '@oxlint/binding-linux-riscv64-gnu@1.78.0':
    resolution: {integrity: sha512-trucMER/0QtecoXvc1y/UVqE3kwJipDwrx4oHfj+nNm3dq2zjP44WT0CfHNDPM3G1DXIkx/gY6lAD21NSCZVhA==}
    engines: {node: ^20.19.0 || >=22.12.0}
    cpu: [riscv64]
    os: [linux]

  '@oxlint/binding-linux-riscv64-musl@1.78.0':
    resolution: {integrity: sha512-cm3O4F/HQbdzOUX5mKHqG5KDL6E5w0pnlZ+fbBy2rmLryPOowkuLagFHTopQsEIpjcaZoPOrL+BmmAytAG9HFg==}
    engines: {node: ^20.19.0 || >=22.12.0}
    cpu: [riscv64]
    os: [linux]

  '@oxlint/binding-linux-s390x-gnu@1.78.0':
    resolution: {integrity: sha512-33wRf6HqGNsybJ3qX4cGaQN2ODPxNmc1rMa0mrTmx3eFq1VzOnvQooi9bIGVYakW8a/wmqVx1mgsUm8R2xfTiw==}
    engines: {node: ^20.19.0 || >=22.12.0}
    cpu: [s390x]
    os: [linux]

  '@oxlint/binding-linux-x64-gnu@1.78.0':
    resolution: {integrity: sha512-rRdISSYegj6VganMZ9tjRjijowfHJ09IZU01i0toBAqr6n5LEtwHq2IeS4FjW2RoskOHlb6efB26H5izYb3GEQ==}
    engines: {node: ^20.19.0 || >=22.12.0}
    cpu: [x64]
    os: [linux]

  '@oxlint/binding-linux-x64-musl@1.78.0':
    resolution: {integrity: sha512-GmsP4rW0xTL6u5CVdcDsaN5Fbc7hBc382Wmar1kttbnwSEviM+rSINKOMQ+UQ6iH+AGwC+8gaAiwu134Tgh6Lg==}
    engines: {node: ^20.19.0 || >=22.12.0}
    cpu: [x64]
    os: [linux]

  '@oxlint/binding-openharmony-arm64@1.78.0':
    resolution: {integrity: sha512-sy9yeYuADc8a+n4TLBayzMCZiHPW78DcIFVpOXTmdKHWQeM9xe5uzkqIIZmi326D5hY9XVwacipEB1p7tQjPAg==}
    engines: {node: ^20.19.0 || >=22.12.0}
    cpu: [arm64]
    os: [openharmony]

  '@oxlint/binding-win32-arm64-msvc@1.78.0':
    resolution: {integrity: sha512-rjc2hF1KfMi8fZj1X/m3AmnHbdsF3rL0v6KQg0Uc880Yb2khjz+3U14sfdZ7jWTpRnN1m1NQa/TT7uU9lJWPrA==}
    engines: {node: ^20.19.0 || >=22.12.0}
    cpu: [arm64]
    os: [win32]

  '@oxlint/binding-win32-ia32-msvc@1.78.0':
    resolution: {integrity: sha512-zcuXFVrEFHIafRfkCQT8w/Xe41o07ozl/vwHq7p94vB29xVzsB0sZGYORU1jhcYKv3Lr0J3HbJ2T4fHH5rWmvA==}
    engines: {node: ^20.19.0 || >=22.12.0}
    cpu: [ia32]
    os: [win32]

  '@oxlint/binding-win32-x64-msvc@1.78.0':
    resolution: {integrity: sha512-Sb5ocmLSuYeOuXd+CFOToGKp/gjXUEWDnvIGwhnh8aq8wY4TMmEnKnvbogSW7RdMZv77JSARduS7/gv+khYEjA==}
    engines: {node: ^20.19.0 || >=22.12.0}
    cpu: [x64]
    os: [win32]

  '@rsbuild/core@1.7.6':
    resolution: {integrity: sha512-T1mLz745L59SM4F5HQFkeGAAsDBeHh2e5sT0cSC5c7xkBpstVWXJrQe5HALS+GvIxiV8cUOy2yD8QBT/Ah11lg==}
    engines: {node: '>=18.12.0'}
    hasBin: true

  '@rsbuild/plugin-react@1.4.6':
    resolution: {integrity: sha512-LAT6xHlEyZKA0VjF/ph5d50iyG+WSmBx+7g98HNZUwb94VeeTMZFB8qVptTkbIRMss3BNKOXmHOu71Lhsh9oEw==}
    peerDependencies:
      '@rsbuild/core': ^1.0.0 || ^2.0.0-0
    peerDependenciesMeta:
      '@rsbuild/core':
        optional: true

  '@rspack/binding-darwin-arm64@1.7.12':
    resolution: {integrity: sha512-rbFprJaJiqrmfy8SHth8EsoRS0wg4bXcucwj9NiMzpGFq14Opw8c04iQ6H9BECYzgmN0PKZ9rh41LdVvhdZe4A==}
    cpu: [arm64]
    os: [darwin]

  '@rspack/binding-darwin-x64@1.7.12':
    resolution: {integrity: sha512-jnOp+/UXOJa9xqUb8KXH03sysoO2e4Ij6tw6MqDdmdj8n/A8PQENRPUbW9AwXpPtVDJPus9r4fi7b3+6e4B8Hg==}
    cpu: [x64]
    os: [darwin]

  '@rspack/binding-linux-arm64-gnu@1.7.12':
    resolution: {integrity: sha512-C8owWG+yvo7X0oVLIXetkoJhIFBP1LYNcAQqtgLmJnQLQDklGuP83dKC+zISGQWpjawHfZ1ER96vLgoTrxKZdw==}
    cpu: [arm64]
    os: [linux]

  '@rspack/binding-linux-arm64-musl@1.7.12':
    resolution: {integrity: sha512-i51WWI64aRpsfSki6rN0aepPqXkVfS+vZM7+4bWDcmnhUmdMvhIPcYg0QRk3DtyJnu33jqNLM0WHY78k00NyfA==}
    cpu: [arm64]
    os: [linux]

  '@rspack/binding-linux-x64-gnu@1.7.12':
    resolution: {integrity: sha512-MSos0FuPEefqo9V92ULd5hggKG29EkSNg1zDcypy0OkpsKh5pfjVxTLYFXgTcVyFoUQQbdG8zFBzYbwmJ8V4ew==}
    cpu: [x64]
    os: [linux]

  '@rspack/binding-linux-x64-musl@1.7.12':
    resolution: {integrity: sha512-JcAMVKXOnjfpC3coWjCFPWD3Yl8RBw6a+IXQQ8mfRlHaHMIiOv8IfZqx15XRxMUn49CtP7Z0Na8iiAg2aKrcfw==}
    cpu: [x64]
    os: [linux]

  '@rspack/binding-wasm32-wasi@1.7.12':
    resolution: {integrity: sha512-n+ZqP6ZMc0nhOgvadg5VhEs9ojtbES80AcWeFnmGkbzIszvGSO63GKNiRkXtjJ9KFuRzytbbmsCqkUVH+Tywxg==}
    cpu: [wasm32]

  '@rspack/binding-win32-arm64-msvc@1.7.12':
    resolution: {integrity: sha512-8+h5fYDXYdmugbdfZ+D1y8IQ3rv2EhSfyGP7vBe+bjNyaMa4jWrpucmZbtxojUL1AzaeuHbvMdj9UO/gelk/+g==}
    cpu: [arm64]
    os: [win32]

  '@rspack/binding-win32-ia32-msvc@1.7.12':
    resolution: {integrity: sha512-cDMGwTRSa2p9fNBVe1wTRkF2AEXZ9ARWW36QeC5CkLaI0Ezz8lvhF2+CSOPnhaQ1O1qtn0L0SF+lFnrY+I7xGQ==}
    cpu: [ia32]
    os: [win32]

  '@rspack/binding-win32-x64-msvc@1.7.12':
    resolution: {integrity: sha512-wIqFvlgFqrgUyj/6S/FJcvShnkZOmIeXTfqvheLY67MGq8qd8jb1YimQVKAIrmWB3yuJKUFACI3Ag1UBtEedEA==}
    cpu: [x64]
    os: [win32]

  '@rspack/binding@1.7.12':
    resolution: {integrity: sha512-f4HHuLbvuld8Ba4iB/4ibse5XrKxFrgmM3S4P2AOKnPlekAFlBjmltCuaTL/W2ggYvILaVY+YcFXrEH1rrKeQA==}

  '@rspack/core@1.7.12':
    resolution: {integrity: sha512-6CwFIHlhRmXfZoMj3v9MZ1SMTPBn+cHVXeMIeaGp5sufqinKsISbsqHu6ZMJu2wDSmZLdmQJX6zLxkhcAUlhkQ==}
    engines: {node: '>=18.12.0'}
    peerDependencies:
      '@swc/helpers': '>=0.5.1'
    peerDependenciesMeta:
      '@swc/helpers':
        optional: true

  '@rspack/lite-tapable@1.1.0':
    resolution: {integrity: sha512-E2B0JhYFmVAwdDiG14+DW0Di4Ze4Jg10Pc4/lILUrd5DRCaklduz2OvJ5HYQ6G+hd+WTzqQb3QnDNfK4yvAFYw==}

  '@rspack/lite-tapable@1.1.5':
    resolution: {integrity: sha512-uzB782zJbFTM3ta+e2Glikx36dca/6Y+DXyvFN+wb0Tx5ItIW+g03A0t3amP3LGzPHSkb0k81VHCm4jxLQwfag==}

  '@rspack/plugin-react-refresh@1.6.2':
    resolution: {integrity: sha512-k+/VrfTNgo+KirjI6V+8CWRj6y+DH9jOUWv8JorYY4vKf/9xfnZ8xHzuB4iqCwTtoZl9YnxOaOuoyjJipc2tiQ==}
    peerDependencies:
      react-refresh: '>=0.10.0 <1.0.0'
      webpack-hot-middleware: 2.x
    peerDependenciesMeta:
      webpack-hot-middleware:
        optional: true

  '@swc/helpers@0.5.23':
    resolution: {integrity: sha512-5lSsMOTXURePglDfvuAQUqkGek9Hg2kksOYay2m0+XR++b2NWYL/4sWyuvVBIs8oKnJaxkdi9whaL/sqN13afw==}

  '@tybys/wasm-util@0.10.3':
    resolution: {integrity: sha512-F3fo1MYrRJYL3zER0OUOmkutjr1Vp23m7OsSgp7nq4SP6OqX6C/56XFIPAl5bt3zaBRjmW7SGz3u/6LwFpYcOg==}

  '@types/node@24.13.3':
    resolution: {integrity: sha512-Dh8vAsV36ig5wa9OX4pXvMc9D3Veibfw2wix0CUwYODLD8nkj9UsLjASr49nPg+2eKzxhBV+v7L8pXvT4e639Q==}

  '@types/react-dom@19.2.4':
    resolution: {integrity: sha512-Bsc+QHgp+P/F02XDzNCY9jnZNCUuLki36KT7VKrTXXLdHf+vHMNZnW1rVu5DNW/rCK+fya3DATySbLM4yhtKUw==}
    peerDependencies:
      '@types/react': ^19.2.0

  '@types/react@19.2.18':
    resolution: {integrity: sha512-AnzbBERsrLKtk2XSfTbYRLjQPdy116Sty4q+T+Bp3IC4l6jNBvreVPAHmpq9qhXQM7CXZPjLVmGMw9sy+hxQ3w==}

  core-js@3.47.0:
    resolution: {integrity: sha512-c3Q2VVkGAUyupsjRnaNX6u8Dq2vAdzm9iuPj5FW0fRxzlxgq9Q39MDq10IvmQSpLgHQNyQzQmOo6bgGHmH3NNg==}

  csstype@3.2.3:
    resolution: {integrity: sha512-z1HGKcYy2xA8AGQfwrn0PAy+PB7X/GSj3UVJW9qKyn43xWa+gl5nXmU4qqLMRzWVLFC8KusUX8T/0kCiOYpAIQ==}

  error-stack-parser@2.1.4:
    resolution: {integrity: sha512-Sk5V6wVazPhq5MhpO+AUxJn5x7XSXGl1R93Vn7i+zS15KDVxQijejNCrz8340/2bgLBjR9GtEG8ZVKONDjcqGQ==}

  jiti@2.7.0:
    resolution: {integrity: sha512-AC/7JofJvZGrrneWNaEnJeOLUx+JlGt7tNa0wZiRPT4MY1wmfKjt2+6O2p2uz2+skll8OZZmJMNqeke7kKbNgQ==}
    hasBin: true

  oxlint@1.78.0:
    resolution: {integrity: sha512-QgQePuxIqKOzo1KSjG2EnITEeWvWnKAm77eq8nrMtf6AGoA+zyGc4PFYtDNJSD25g/ibOwfQ851hZ4/SPkMVoA==}
    engines: {node: ^20.19.0 || >=22.12.0}
    hasBin: true
    peerDependencies:
      oxlint-tsgolint: '>=7.0.2001'
      vite-plus: '*'
    peerDependenciesMeta:
      oxlint-tsgolint:
        optional: true
      vite-plus:
        optional: true

  react-dom@19.2.8:
    resolution: {integrity: sha512-rVprimfGBG3DR+Tq0IQG2DT5PxKth1WIGDmj5yPmlzr4YBe7uyE+Du4oVqTDXZSHGGGXRtTJEGSSePyQCMBglQ==}
    peerDependencies:
      react: ^19.2.8

  react-refresh@0.18.0:
    resolution: {integrity: sha512-QgT5//D3jfjJb6Gsjxv0Slpj23ip+HtOpnNgnb2S5zU3CB26G/IDPGoy4RJB42wzFE46DRsstbW6tKHoKbhAxw==}
    engines: {node: '>=0.10.0'}

  react@19.2.8:
    resolution: {integrity: sha512-PWaYA1L/q9u2u7xYQi+Y3L3Yfnie7XyLeaJICV1MGD6LprsBxcAqGjYyr0eY3p+QdsA+x/Irkt4Qif8D63+Sbw==}
    engines: {node: '>=0.10.0'}

  scheduler@0.27.0:
    resolution: {integrity: sha512-eNv+WrVbKu1f3vbYJT/xtiF5syA5HPIMtf9IgY/nKg0sWqzAUEvqY/xm7OcZc/qafLx/iO9FgOmeSAp4v5ti/Q==}

  stackframe@1.3.4:
    resolution: {integrity: sha512-oeVtt7eWQS+Na6F//S4kJ2K2VbRlS9D43mAlMyVpVWovy9o+jfgH8O9agzANzaiLjclA0oYzUXEM4PurhSUChw==}

  tslib@2.8.1:
    resolution: {integrity: sha512-oJFu94HQb+KVduSUQL7wnpmqnfmLsOA/nAh6b6EH0wCEoK0/mPeXU6c3wKDV83MkOuHPRHtSXKKU99IBazS/2w==}

  typescript@6.0.3:
    resolution: {integrity: sha512-y2TvuxSZPDyQakkFRPZHKFm+KKVqIisdg9/CZwm9ftvKXLP8NRWj38/ODjNbr43SsoXqNuAisEf1GdCxqWcdBw==}
    engines: {node: '>=14.17'}
    hasBin: true

  undici-types@7.18.2:
    resolution: {integrity: sha512-AsuCzffGHJybSaRrmr5eHr81mwJU3kjw6M+uprWvCXiNeN9SOGwQ3Jn8jb8m3Z6izVgknn1R0FTCEAP2QrLY/w==}

snapshots:

  '@emnapi/core@1.11.3':
    dependencies:
      '@emnapi/wasi-threads': 1.2.3
      tslib: 2.8.1
    optional: true

  '@emnapi/runtime@1.11.3':
    dependencies:
      tslib: 2.8.1
    optional: true

  '@emnapi/wasi-threads@1.2.3':
    dependencies:
      tslib: 2.8.1
    optional: true

  '@module-federation/error-codes@0.22.0': {}

  '@module-federation/runtime-core@0.22.0':
    dependencies:
      '@module-federation/error-codes': 0.22.0
      '@module-federation/sdk': 0.22.0

  '@module-federation/runtime-tools@0.22.0':
    dependencies:
      '@module-federation/runtime': 0.22.0
      '@module-federation/webpack-bundler-runtime': 0.22.0

  '@module-federation/runtime@0.22.0':
    dependencies:
      '@module-federation/error-codes': 0.22.0
      '@module-federation/runtime-core': 0.22.0
      '@module-federation/sdk': 0.22.0

  '@module-federation/sdk@0.22.0': {}

  '@module-federation/webpack-bundler-runtime@0.22.0':
    dependencies:
      '@module-federation/runtime': 0.22.0
      '@module-federation/sdk': 0.22.0

  '@napi-rs/wasm-runtime@1.0.7':
    dependencies:
      '@emnapi/core': 1.11.3
      '@emnapi/runtime': 1.11.3
      '@tybys/wasm-util': 0.10.3
    optional: true

  '@oxlint/binding-android-arm-eabi@1.78.0':
    optional: true

  '@oxlint/binding-android-arm64@1.78.0':
    optional: true

  '@oxlint/binding-darwin-arm64@1.78.0':
    optional: true

  '@oxlint/binding-darwin-x64@1.78.0':
    optional: true

  '@oxlint/binding-freebsd-x64@1.78.0':
    optional: true

  '@oxlint/binding-linux-arm-gnueabihf@1.78.0':
    optional: true

  '@oxlint/binding-linux-arm-musleabihf@1.78.0':
    optional: true

  '@oxlint/binding-linux-arm64-gnu@1.78.0':
    optional: true

  '@oxlint/binding-linux-arm64-musl@1.78.0':
    optional: true

  '@oxlint/binding-linux-ppc64-gnu@1.78.0':
    optional: true

  '@oxlint/binding-linux-riscv64-gnu@1.78.0':
    optional: true

  '@oxlint/binding-linux-riscv64-musl@1.78.0':
    optional: true

  '@oxlint/binding-linux-s390x-gnu@1.78.0':
    optional: true

  '@oxlint/binding-linux-x64-gnu@1.78.0':
    optional: true

  '@oxlint/binding-linux-x64-musl@1.78.0':
    optional: true

  '@oxlint/binding-openharmony-arm64@1.78.0':
    optional: true

  '@oxlint/binding-win32-arm64-msvc@1.78.0':
    optional: true

  '@oxlint/binding-win32-ia32-msvc@1.78.0':
    optional: true

  '@oxlint/binding-win32-x64-msvc@1.78.0':
    optional: true

  '@rsbuild/core@1.7.6':
    dependencies:
      '@rspack/core': 1.7.12(@swc/helpers@0.5.23)
      '@rspack/lite-tapable': 1.1.5
      '@swc/helpers': 0.5.23
      core-js: 3.47.0
      jiti: 2.7.0

  '@rsbuild/plugin-react@1.4.6(@rsbuild/core@1.7.6)':
    dependencies:
      '@rspack/plugin-react-refresh': 1.6.2(react-refresh@0.18.0)
      react-refresh: 0.18.0
    optionalDependencies:
      '@rsbuild/core': 1.7.6
    transitivePeerDependencies:
      - webpack-hot-middleware

  '@rspack/binding-darwin-arm64@1.7.12':
    optional: true

  '@rspack/binding-darwin-x64@1.7.12':
    optional: true

  '@rspack/binding-linux-arm64-gnu@1.7.12':
    optional: true

  '@rspack/binding-linux-arm64-musl@1.7.12':
    optional: true

  '@rspack/binding-linux-x64-gnu@1.7.12':
    optional: true

  '@rspack/binding-linux-x64-musl@1.7.12':
    optional: true

  '@rspack/binding-wasm32-wasi@1.7.12':
    dependencies:
      '@napi-rs/wasm-runtime': 1.0.7
    optional: true

  '@rspack/binding-win32-arm64-msvc@1.7.12':
    optional: true

  '@rspack/binding-win32-ia32-msvc@1.7.12':
    optional: true

  '@rspack/binding-win32-x64-msvc@1.7.12':
    optional: true

  '@rspack/binding@1.7.12':
    optionalDependencies:
      '@rspack/binding-darwin-arm64': 1.7.12
      '@rspack/binding-darwin-x64': 1.7.12
      '@rspack/binding-linux-arm64-gnu': 1.7.12
      '@rspack/binding-linux-arm64-musl': 1.7.12
      '@rspack/binding-linux-x64-gnu': 1.7.12
      '@rspack/binding-linux-x64-musl': 1.7.12
      '@rspack/binding-wasm32-wasi': 1.7.12
      '@rspack/binding-win32-arm64-msvc': 1.7.12
      '@rspack/binding-win32-ia32-msvc': 1.7.12
      '@rspack/binding-win32-x64-msvc': 1.7.12

  '@rspack/core@1.7.12(@swc/helpers@0.5.23)':
    dependencies:
      '@module-federation/runtime-tools': 0.22.0
      '@rspack/binding': 1.7.12
      '@rspack/lite-tapable': 1.1.0
    optionalDependencies:
      '@swc/helpers': 0.5.23

  '@rspack/lite-tapable@1.1.0': {}

  '@rspack/lite-tapable@1.1.5': {}

  '@rspack/plugin-react-refresh@1.6.2(react-refresh@0.18.0)':
    dependencies:
      error-stack-parser: 2.1.4
      react-refresh: 0.18.0

  '@swc/helpers@0.5.23':
    dependencies:
      tslib: 2.8.1

  '@tybys/wasm-util@0.10.3':
    dependencies:
      tslib: 2.8.1
    optional: true

  '@types/node@24.13.3':
    dependencies:
      undici-types: 7.18.2

  '@types/react-dom@19.2.4(@types/react@19.2.18)':
    dependencies:
      '@types/react': 19.2.18

  '@types/react@19.2.18':
    dependencies:
      csstype: 3.2.3

  core-js@3.47.0: {}

  csstype@3.2.3: {}

  error-stack-parser@2.1.4:
    dependencies:
      stackframe: 1.3.4

  jiti@2.7.0: {}

  oxlint@1.78.0:
    optionalDependencies:
      '@oxlint/binding-android-arm-eabi': 1.78.0
      '@oxlint/binding-android-arm64': 1.78.0
      '@oxlint/binding-darwin-arm64': 1.78.0
      '@oxlint/binding-darwin-x64': 1.78.0
      '@oxlint/binding-freebsd-x64': 1.78.0
      '@oxlint/binding-linux-arm-gnueabihf': 1.78.0
      '@oxlint/binding-linux-arm-musleabihf': 1.78.0
      '@oxlint/binding-linux-arm64-gnu': 1.78.0
      '@oxlint/binding-linux-arm64-musl': 1.78.0
      '@oxlint/binding-linux-ppc64-gnu': 1.78.0
      '@oxlint/binding-linux-riscv64-gnu': 1.78.0
      '@oxlint/binding-linux-riscv64-musl': 1.78.0
      '@oxlint/binding-linux-s390x-gnu': 1.78.0
      '@oxlint/binding-linux-x64-gnu': 1.78.0
      '@oxlint/binding-linux-x64-musl': 1.78.0
      '@oxlint/binding-openharmony-arm64': 1.78.0
      '@oxlint/binding-win32-arm64-msvc': 1.78.0
      '@oxlint/binding-win32-ia32-msvc': 1.78.0
      '@oxlint/binding-win32-x64-msvc': 1.78.0

  react-dom@19.2.8(react@19.2.8):
    dependencies:
      react: 19.2.8
      scheduler: 0.27.0

  react-refresh@0.18.0: {}

  react@19.2.8: {}

  scheduler@0.27.0: {}

  stackframe@1.3.4: {}

  tslib@2.8.1: {}

  typescript@6.0.3: {}

  undici-types@7.18.2: {}
